
Microsoft Visual Studio Solution File, Format Version 12.00
# Visual Studio 15
VisualStudioVersion = 15.0.26730.15
MinimumVisualStudioVersion = 10.0.40219.1
Project("{9A19103F-16F7-4668-BE54-9A1E7A4F7556}") = "MobileRechargeApp", "..\MobileRechargeApp\MobileRechargeApp\MobileRechargeApp.csproj", "{454EF635-F958-4B6C-A6EF-EC364BDE8769}"
EndProject
Project("{FAE04EC0-301F-11D3-BF4B-00C04F79EFBC}") = "MobileRechargeTest", "MobileRechargeTest\MobileRechargeTest.csproj", "{9601576E-B022-4FDE-888D-DD677BD9BCE1}"
EndProject
Global
	GlobalSection(SolutionConfigurationPlatforms) = preSolution
		Debug|Any CPU = Debug|Any CPU
		Release|Any CPU = Release|Any CPU
	EndGlobalSection
	GlobalSection(ProjectConfigurationPlatforms) = postSolution
		{454EF635-F958-4B6C-A6EF-EC364BDE8769}.Debug|Any CPU.ActiveCfg = Debug|Any CPU
		{454EF635-F958-4B6C-A6EF-EC364BDE8769}.Debug|Any CPU.Build.0 = Debug|Any CPU
		{454EF635-F958-4B6C-A6EF-EC364BDE8769}.Release|Any CPU.ActiveCfg = Release|Any CPU
		{454EF635-F958-4B6C-A6EF-EC364BDE8769}.Release|Any CPU.Build.0 = Release|Any CPU
		{9601576E-B022-4FDE-888D-DD677BD9BCE1}.Debug|Any CPU.ActiveCfg = Debug|Any CPU
		{9601576E-B022-4FDE-888D-DD677BD9BCE1}.Debug|Any CPU.Build.0 = Debug|Any CPU
		{9601576E-B022-4FDE-888D-DD677BD9BCE1}.Release|Any CPU.ActiveCfg = Release|Any CPU
		{9601576E-B022-4FDE-888D-DD677BD9BCE1}.Release|Any CPU.Build.0 = Release|Any CPU
	EndGlobalSection
	GlobalSection(SolutionProperties) = preSolution
		HideSolutionNode = FALSE
	EndGlobalSection
	GlobalSection(ExtensibilityGlobals) = postSolution
		SolutionGuid = {0E4AA312-FDFC-4949-B63B-915BEFA8574A}
	EndGlobalSection
EndGlobal
